
Microsoft Visual Studio Solution File, Format Version 12.00
# Visual Studio 15
VisualStudioVersion = 15.0.28010.0
MinimumVisualStudioVersion = 10.0.40219.1
Project("{FAE04EC0-301F-11D3-BF4B-00C04F79EFBC}") = "ShipFastTurn", "ShipFastTurn\ShipFastTurn.csproj", "{404A4D08-9874-472C-8245-CC5018ABE28D}"
EndProject
Global
	GlobalSection(SolutionConfigurationPlatforms) = preSolution
		Debug|Any CPU = Debug|Any CPU
		Release|Any CPU = Release|Any CPU
	EndGlobalSection
	GlobalSection(ProjectConfigurationPlatforms) = postSolution
		{404A4D08-9874-472C-8245-CC5018ABE28D}.Debug|Any CPU.ActiveCfg = Debug|Any CPU
		{404A4D08-9874-472C-8245-CC5018ABE28D}.Debug|Any CPU.Build.0 = Debug|Any CPU
		{404A4D08-9874-472C-8245-CC5018ABE28D}.Release|Any CPU.ActiveCfg = Release|Any CPU
		{404A4D08-9874-472C-8245-CC5018ABE28D}.Release|Any CPU.Build.0 = Release|Any CPU
	EndGlobalSection
	GlobalSection(SolutionProperties) = preSolution
		HideSolutionNode = FALSE
	EndGlobalSection
	GlobalSection(ExtensibilityGlobals) = postSolution
		SolutionGuid = {8BD7C407-606D-422E-B784-2E1AD6D5318A}
	EndGlobalSection
EndGlobal
